
Microsoft Visual Studio Solution File, Format Version 12.00
# Visual Studio Version 16
VisualStudioVersion = 16.0.30804.86
MinimumVisualStudioVersion = 10.0.40219.1
Project("{FAE04EC0-301F-11D3-BF4B-00C04F79EFBC}") = "DehaCamp", "DehaCamp\DehaCamp.csproj", "{2A80654A-1F43-47A2-B850-ABECE3C2A85A}"
EndProject
Project("{FAE04EC0-301F-11D3-BF4B-00C04F79EFBC}") = "Donguler", "Donguler\Donguler.csproj", "{D75431A1-D620-46E4-B65E-A29A5EE6E03E}"
EndProject
Global
	GlobalSection(SolutionConfigurationPlatforms) = preSolution
		Debug|Any CPU = Debug|Any CPU
		Release|Any CPU = Release|Any CPU
	EndGlobalSection
	GlobalSection(ProjectConfigurationPlatforms) = postSolution
		{2A80654A-1F43-47A2-B850-ABECE3C2A85A}.Debug|Any CPU.ActiveCfg = Debug|Any CPU
		{2A80654A-1F43-47A2-B850-ABECE3C2A85A}.Debug|Any CPU.Build.0 = Debug|Any CPU
		{2A80654A-1F43-47A2-B850-ABECE3C2A85A}.Release|Any CPU.ActiveCfg = Release|Any CPU
		{2A80654A-1F43-47A2-B850-ABECE3C2A85A}.Release|Any CPU.Build.0 = Release|Any CPU
		{D75431A1-D620-46E4-B65E-A29A5EE6E03E}.Debug|Any CPU.ActiveCfg = Debug|Any CPU
		{D75431A1-D620-46E4-B65E-A29A5EE6E03E}.Debug|Any CPU.Build.0 = Debug|Any CPU
		{D75431A1-D620-46E4-B65E-A29A5EE6E03E}.Release|Any CPU.ActiveCfg = Release|Any CPU
		{D75431A1-D620-46E4-B65E-A29A5EE6E03E}.Release|Any CPU.Build.0 = Release|Any CPU
	EndGlobalSection
	GlobalSection(SolutionProperties) = preSolution
		HideSolutionNode = FALSE
	EndGlobalSection
	GlobalSection(ExtensibilityGlobals) = postSolution
		SolutionGuid = {D7C81A34-3003-4832-A5B5-8A202C82F9EC}
	EndGlobalSection
EndGlobal
